// !$*UTF8*$!
{
	archiveVersion = 1;
	classes = {
	};
	objectVersion = 52;
	objects = {

/* Begin PBXBuildFile section */
<<<<<<< HEAD
<<<<<<< HEAD
		0086376A38BA2DCE2FE3B9F9 /* libPods-Snap-Scraper.a in Frameworks */ = {isa = PBXBuildFile; fileRef = E815403EB150A56A33BE0930 /* libPods-Snap-Scraper.a */; };
		797D39002733692300D3984E /* Snap-Scraper in Sources */ = {isa = PBXBuildFile; fileRef = 799957242468E7C20057890A /* Snap-Scraper */; platformFilter = ios; };
		799957282468E7C20057890A /* main.swift in Sources */ = {isa = PBXBuildFile; fileRef = 799957272468E7C20057890A /* main.swift */; };
		799957372468EB610057890A /* ConsoleIO.swift in Sources */ = {isa = PBXBuildFile; fileRef = 799957362468EB610057890A /* ConsoleIO.swift */; };
		799957392468ED140057890A /* Scraper.swift in Sources */ = {isa = PBXBuildFile; fileRef = 799957382468ED140057890A /* Scraper.swift */; };
		79995741246906E40057890A /* SCApiCalls.swift in Sources */ = {isa = PBXBuildFile; fileRef = 79995740246906E40057890A /* SCApiCalls.swift */; };
		79995743246A6DE00057890A /* Downloader.swift in Sources */ = {isa = PBXBuildFile; fileRef = 79995742246A6DE00057890A /* Downloader.swift */; };
		79F55DE7246E4AA0004B55C6 /* Check.swift in Sources */ = {isa = PBXBuildFile; fileRef = 79F55DE6246E4AA0004B55C6 /* Check.swift */; };
=======
=======
		0086376A38BA2DCE2FE3B9F9 /* libPods-Snap-Scraper.a in Frameworks */ = {isa = PBXBuildFile; fileRef = E815403EB150A56A33BE0930 /* libPods-Snap-Scraper.a */; };
>>>>>>> bd2f2f2 (Renamed bulk files in xCode to Snap-Scraper and repaid signing dependancies)
		797D39002733692300D3984E /* Snap-Scraper in Sources */ = {isa = PBXBuildFile; fileRef = 799957242468E7C20057890A /* Snap-Scraper */; platformFilter = ios; };
		799957282468E7C20057890A /* main.swift in Sources */ = {isa = PBXBuildFile; fileRef = 799957272468E7C20057890A /* main.swift */; };
		799957372468EB610057890A /* ConsoleIO.swift in Sources */ = {isa = PBXBuildFile; fileRef = 799957362468EB610057890A /* ConsoleIO.swift */; };
		799957392468ED140057890A /* Scraper.swift in Sources */ = {isa = PBXBuildFile; fileRef = 799957382468ED140057890A /* Scraper.swift */; };
		79995741246906E40057890A /* SCApiCalls.swift in Sources */ = {isa = PBXBuildFile; fileRef = 79995740246906E40057890A /* SCApiCalls.swift */; };
		79995743246A6DE00057890A /* Downloader.swift in Sources */ = {isa = PBXBuildFile; fileRef = 79995742246A6DE00057890A /* Downloader.swift */; };
		79F55DE7246E4AA0004B55C6 /* Check.swift in Sources */ = {isa = PBXBuildFile; fileRef = 79F55DE6246E4AA0004B55C6 /* Check.swift */; };
<<<<<<< HEAD
		9ACF478345B882BE4997FA1C /* libPods-SCMapDownloader.a in Frameworks */ = {isa = PBXBuildFile; fileRef = 3F156A23B1E8E95794F28C98 /* libPods-SCMapDownloader.a */; };
>>>>>>> 1162413 (Commit version 0.5b to Git)
=======
>>>>>>> bd2f2f2 (Renamed bulk files in xCode to Snap-Scraper and repaid signing dependancies)
/* End PBXBuildFile section */

/* Begin PBXCopyFilesBuildPhase section */
		799957222468E7C20057890A /* CopyFiles */ = {
			isa = PBXCopyFilesBuildPhase;
			buildActionMask = 2147483647;
			dstPath = /usr/share/man/man1/;
			dstSubfolderSpec = 0;
			files = (
			);
			runOnlyForDeploymentPostprocessing = 1;
		};
/* End PBXCopyFilesBuildPhase section */

/* Begin PBXFileReference section */
<<<<<<< HEAD
<<<<<<< HEAD
=======
		3F156A23B1E8E95794F28C98 /* libPods-SCMapDownloader.a */ = {isa = PBXFileReference; explicitFileType = archive.ar; includeInIndex = 0; path = "libPods-SCMapDownloader.a"; sourceTree = BUILT_PRODUCTS_DIR; };
>>>>>>> 1162413 (Commit version 0.5b to Git)
=======
>>>>>>> bd2f2f2 (Renamed bulk files in xCode to Snap-Scraper and repaid signing dependancies)
		79962F6D2734ABF000097EF7 /* Snap-Scraper.entitlements */ = {isa = PBXFileReference; lastKnownFileType = text.plist.entitlements; path = "Snap-Scraper.entitlements"; sourceTree = "<group>"; };
		799957242468E7C20057890A /* Snap-Scraper */ = {isa = PBXFileReference; explicitFileType = "compiled.mach-o.executable"; includeInIndex = 0; path = "Snap-Scraper"; sourceTree = BUILT_PRODUCTS_DIR; };
		799957272468E7C20057890A /* main.swift */ = {isa = PBXFileReference; lastKnownFileType = sourcecode.swift; path = main.swift; sourceTree = "<group>"; };
		799957362468EB610057890A /* ConsoleIO.swift */ = {isa = PBXFileReference; lastKnownFileType = sourcecode.swift; path = ConsoleIO.swift; sourceTree = "<group>"; };
<<<<<<< HEAD
<<<<<<< HEAD
		799957382468ED140057890A /* Scraper.swift */ = {isa = PBXFileReference; lastKnownFileType = sourcecode.swift; path = Scraper.swift; sourceTree = "<group>"; };
		79995740246906E40057890A /* SCApiCalls.swift */ = {isa = PBXFileReference; lastKnownFileType = sourcecode.swift; path = SCApiCalls.swift; sourceTree = "<group>"; };
		79995742246A6DE00057890A /* Downloader.swift */ = {isa = PBXFileReference; lastKnownFileType = sourcecode.swift; path = Downloader.swift; sourceTree = "<group>"; };
		79F55DE6246E4AA0004B55C6 /* Check.swift */ = {isa = PBXFileReference; lastKnownFileType = sourcecode.swift; path = Check.swift; sourceTree = "<group>"; };
		84281F5AF6FCCFCC36548267 /* Pods-Snap-Scraper.debug.xcconfig */ = {isa = PBXFileReference; includeInIndex = 1; lastKnownFileType = text.xcconfig; name = "Pods-Snap-Scraper.debug.xcconfig"; path = "Target Support Files/Pods-Snap-Scraper/Pods-Snap-Scraper.debug.xcconfig"; sourceTree = "<group>"; };
		D965DF16FA1900CE93894940 /* Pods-Snap-Scraper.release.xcconfig */ = {isa = PBXFileReference; includeInIndex = 1; lastKnownFileType = text.xcconfig; name = "Pods-Snap-Scraper.release.xcconfig"; path = "Target Support Files/Pods-Snap-Scraper/Pods-Snap-Scraper.release.xcconfig"; sourceTree = "<group>"; };
		E815403EB150A56A33BE0930 /* libPods-Snap-Scraper.a */ = {isa = PBXFileReference; explicitFileType = archive.ar; includeInIndex = 0; path = "libPods-Snap-Scraper.a"; sourceTree = BUILT_PRODUCTS_DIR; };
=======
		799957382468ED140057890A /* SCMapDownloader.swift */ = {isa = PBXFileReference; lastKnownFileType = sourcecode.swift; path = SCMapDownloader.swift; sourceTree = "<group>"; };
		79995740246906E40057890A /* SCApiCalls.swift */ = {isa = PBXFileReference; lastKnownFileType = sourcecode.swift; path = SCApiCalls.swift; sourceTree = "<group>"; };
		79995742246A6DE00057890A /* Downloader.swift */ = {isa = PBXFileReference; lastKnownFileType = sourcecode.swift; path = Downloader.swift; sourceTree = "<group>"; };
		79F55DE6246E4AA0004B55C6 /* Check.swift */ = {isa = PBXFileReference; lastKnownFileType = sourcecode.swift; path = Check.swift; sourceTree = "<group>"; };
		93CBC47C179BA0DF5A936403 /* Pods-SCMapDownloader.release.xcconfig */ = {isa = PBXFileReference; includeInIndex = 1; lastKnownFileType = text.xcconfig; name = "Pods-SCMapDownloader.release.xcconfig"; path = "Target Support Files/Pods-SCMapDownloader/Pods-SCMapDownloader.release.xcconfig"; sourceTree = "<group>"; };
		DCE74C5AFF59181795CF88E6 /* Pods-SCMapDownloader.debug.xcconfig */ = {isa = PBXFileReference; includeInIndex = 1; lastKnownFileType = text.xcconfig; name = "Pods-SCMapDownloader.debug.xcconfig"; path = "Target Support Files/Pods-SCMapDownloader/Pods-SCMapDownloader.debug.xcconfig"; sourceTree = "<group>"; };
>>>>>>> 1162413 (Commit version 0.5b to Git)
=======
		799957382468ED140057890A /* Scraper.swift */ = {isa = PBXFileReference; lastKnownFileType = sourcecode.swift; path = Scraper.swift; sourceTree = "<group>"; };
		79995740246906E40057890A /* SCApiCalls.swift */ = {isa = PBXFileReference; lastKnownFileType = sourcecode.swift; path = SCApiCalls.swift; sourceTree = "<group>"; };
		79995742246A6DE00057890A /* Downloader.swift */ = {isa = PBXFileReference; lastKnownFileType = sourcecode.swift; path = Downloader.swift; sourceTree = "<group>"; };
		79F55DE6246E4AA0004B55C6 /* Check.swift */ = {isa = PBXFileReference; lastKnownFileType = sourcecode.swift; path = Check.swift; sourceTree = "<group>"; };
		84281F5AF6FCCFCC36548267 /* Pods-Snap-Scraper.debug.xcconfig */ = {isa = PBXFileReference; includeInIndex = 1; lastKnownFileType = text.xcconfig; name = "Pods-Snap-Scraper.debug.xcconfig"; path = "Target Support Files/Pods-Snap-Scraper/Pods-Snap-Scraper.debug.xcconfig"; sourceTree = "<group>"; };
		D965DF16FA1900CE93894940 /* Pods-Snap-Scraper.release.xcconfig */ = {isa = PBXFileReference; includeInIndex = 1; lastKnownFileType = text.xcconfig; name = "Pods-Snap-Scraper.release.xcconfig"; path = "Target Support Files/Pods-Snap-Scraper/Pods-Snap-Scraper.release.xcconfig"; sourceTree = "<group>"; };
		E815403EB150A56A33BE0930 /* libPods-Snap-Scraper.a */ = {isa = PBXFileReference; explicitFileType = archive.ar; includeInIndex = 0; path = "libPods-Snap-Scraper.a"; sourceTree = BUILT_PRODUCTS_DIR; };
>>>>>>> bd2f2f2 (Renamed bulk files in xCode to Snap-Scraper and repaid signing dependancies)
/* End PBXFileReference section */

/* Begin PBXFrameworksBuildPhase section */
		799957212468E7C20057890A /* Frameworks */ = {
			isa = PBXFrameworksBuildPhase;
			buildActionMask = 2147483647;
			files = (
<<<<<<< HEAD
<<<<<<< HEAD
				0086376A38BA2DCE2FE3B9F9 /* libPods-Snap-Scraper.a in Frameworks */,
=======
				9ACF478345B882BE4997FA1C /* libPods-SCMapDownloader.a in Frameworks */,
>>>>>>> 1162413 (Commit version 0.5b to Git)
=======
				0086376A38BA2DCE2FE3B9F9 /* libPods-Snap-Scraper.a in Frameworks */,
>>>>>>> bd2f2f2 (Renamed bulk files in xCode to Snap-Scraper and repaid signing dependancies)
			);
			runOnlyForDeploymentPostprocessing = 0;
		};
/* End PBXFrameworksBuildPhase section */

/* Begin PBXGroup section */
		51BF7934DA1E29FFB5694107 /* Pods */ = {
			isa = PBXGroup;
			children = (
<<<<<<< HEAD
<<<<<<< HEAD
				84281F5AF6FCCFCC36548267 /* Pods-Snap-Scraper.debug.xcconfig */,
				D965DF16FA1900CE93894940 /* Pods-Snap-Scraper.release.xcconfig */,
=======
				DCE74C5AFF59181795CF88E6 /* Pods-SCMapDownloader.debug.xcconfig */,
				93CBC47C179BA0DF5A936403 /* Pods-SCMapDownloader.release.xcconfig */,
>>>>>>> 1162413 (Commit version 0.5b to Git)
=======
				84281F5AF6FCCFCC36548267 /* Pods-Snap-Scraper.debug.xcconfig */,
				D965DF16FA1900CE93894940 /* Pods-Snap-Scraper.release.xcconfig */,
>>>>>>> bd2f2f2 (Renamed bulk files in xCode to Snap-Scraper and repaid signing dependancies)
			);
			path = Pods;
			sourceTree = "<group>";
		};
		54A54986B9AD9E9B1503BFE1 /* Frameworks */ = {
			isa = PBXGroup;
			children = (
<<<<<<< HEAD
<<<<<<< HEAD
				E815403EB150A56A33BE0930 /* libPods-Snap-Scraper.a */,
=======
				3F156A23B1E8E95794F28C98 /* libPods-SCMapDownloader.a */,
>>>>>>> 1162413 (Commit version 0.5b to Git)
=======
				E815403EB150A56A33BE0930 /* libPods-Snap-Scraper.a */,
>>>>>>> bd2f2f2 (Renamed bulk files in xCode to Snap-Scraper and repaid signing dependancies)
			);
			name = Frameworks;
			sourceTree = "<group>";
		};
		7999571B2468E7C20057890A = {
			isa = PBXGroup;
			children = (
				799957262468E7C20057890A /* Snap-Scraper */,
				799957252468E7C20057890A /* Products */,
				51BF7934DA1E29FFB5694107 /* Pods */,
				54A54986B9AD9E9B1503BFE1 /* Frameworks */,
			);
			sourceTree = "<group>";
		};
		799957252468E7C20057890A /* Products */ = {
			isa = PBXGroup;
			children = (
				799957242468E7C20057890A /* Snap-Scraper */,
			);
			name = Products;
			sourceTree = "<group>";
		};
		799957262468E7C20057890A /* Snap-Scraper */ = {
			isa = PBXGroup;
			children = (
				79962F6D2734ABF000097EF7 /* Snap-Scraper.entitlements */,
				799957272468E7C20057890A /* main.swift */,
<<<<<<< HEAD
<<<<<<< HEAD
				799957382468ED140057890A /* Scraper.swift */,
=======
				799957382468ED140057890A /* SCMapDownloader.swift */,
>>>>>>> 1162413 (Commit version 0.5b to Git)
=======
				799957382468ED140057890A /* Scraper.swift */,
>>>>>>> bd2f2f2 (Renamed bulk files in xCode to Snap-Scraper and repaid signing dependancies)
				799957362468EB610057890A /* ConsoleIO.swift */,
				79995742246A6DE00057890A /* Downloader.swift */,
				79995740246906E40057890A /* SCApiCalls.swift */,
				79F55DE6246E4AA0004B55C6 /* Check.swift */,
			);
			path = "Snap-Scraper";
			sourceTree = "<group>";
		};
/* End PBXGroup section */

/* Begin PBXNativeTarget section */
		799957232468E7C20057890A /* Snap-Scraper */ = {
			isa = PBXNativeTarget;
			buildConfigurationList = 7999572B2468E7C20057890A /* Build configuration list for PBXNativeTarget "Snap-Scraper" */;
			buildPhases = (
				F9F624AEBB8F74E8941D4780 /* [CP] Check Pods Manifest.lock */,
				799957202468E7C20057890A /* Sources */,
				799957212468E7C20057890A /* Frameworks */,
				799957222468E7C20057890A /* CopyFiles */,
			);
			buildRules = (
			);
			dependencies = (
			);
			name = "Snap-Scraper";
			productName = "SC-MapDownloader";
			productReference = 799957242468E7C20057890A /* Snap-Scraper */;
			productType = "com.apple.product-type.tool";
		};
/* End PBXNativeTarget section */

/* Begin PBXProject section */
		7999571C2468E7C20057890A /* Project object */ = {
			isa = PBXProject;
			attributes = {
				LastSwiftUpdateCheck = 1140;
				LastUpgradeCheck = 1230;
				ORGANIZATIONNAME = "Richard Matthews";
				TargetAttributes = {
					799957232468E7C20057890A = {
						CreatedOnToolsVersion = 11.4.1;
					};
				};
			};
			buildConfigurationList = 7999571F2468E7C20057890A /* Build configuration list for PBXProject "Snap-Scraper" */;
			compatibilityVersion = "Xcode 9.3";
			developmentRegion = en;
			hasScannedForEncodings = 0;
			knownRegions = (
				en,
				Base,
			);
			mainGroup = 7999571B2468E7C20057890A;
			productRefGroup = 799957252468E7C20057890A /* Products */;
			projectDirPath = "";
			projectRoot = "";
			targets = (
				799957232468E7C20057890A /* Snap-Scraper */,
			);
		};
/* End PBXProject section */

/* Begin PBXShellScriptBuildPhase section */
		F9F624AEBB8F74E8941D4780 /* [CP] Check Pods Manifest.lock */ = {
			isa = PBXShellScriptBuildPhase;
			buildActionMask = 2147483647;
			files = (
			);
			inputFileListPaths = (
			);
			inputPaths = (
				"${PODS_PODFILE_DIR_PATH}/Podfile.lock",
				"${PODS_ROOT}/Manifest.lock",
			);
			name = "[CP] Check Pods Manifest.lock";
			outputFileListPaths = (
			);
			outputPaths = (
<<<<<<< HEAD
<<<<<<< HEAD
				"$(DERIVED_FILE_DIR)/Pods-Snap-Scraper-checkManifestLockResult.txt",
=======
				"$(DERIVED_FILE_DIR)/Pods-SCMapDownloader-checkManifestLockResult.txt",
>>>>>>> 1162413 (Commit version 0.5b to Git)
=======
				"$(DERIVED_FILE_DIR)/Pods-Snap-Scraper-checkManifestLockResult.txt",
>>>>>>> bd2f2f2 (Renamed bulk files in xCode to Snap-Scraper and repaid signing dependancies)
			);
			runOnlyForDeploymentPostprocessing = 0;
			shellPath = /bin/sh;
			shellScript = "diff \"${PODS_PODFILE_DIR_PATH}/Podfile.lock\" \"${PODS_ROOT}/Manifest.lock\" > /dev/null\nif [ $? != 0 ] ; then\n    # print error to STDERR\n    echo \"error: The sandbox is not in sync with the Podfile.lock. Run 'pod install' or update your CocoaPods installation.\" >&2\n    exit 1\nfi\n# This output is used by Xcode 'outputs' to avoid re-running this script phase.\necho \"SUCCESS\" > \"${SCRIPT_OUTPUT_FILE_0}\"\n";
			showEnvVarsInLog = 0;
		};
/* End PBXShellScriptBuildPhase section */

/* Begin PBXSourcesBuildPhase section */
		799957202468E7C20057890A /* Sources */ = {
			isa = PBXSourcesBuildPhase;
			buildActionMask = 2147483647;
			files = (
				79F55DE7246E4AA0004B55C6 /* Check.swift in Sources */,
				79995743246A6DE00057890A /* Downloader.swift in Sources */,
				799957372468EB610057890A /* ConsoleIO.swift in Sources */,
				797D39002733692300D3984E /* Snap-Scraper in Sources */,
<<<<<<< HEAD
<<<<<<< HEAD
				799957392468ED140057890A /* Scraper.swift in Sources */,
=======
				799957392468ED140057890A /* SCMapDownloader.swift in Sources */,
>>>>>>> 1162413 (Commit version 0.5b to Git)
=======
				799957392468ED140057890A /* Scraper.swift in Sources */,
>>>>>>> bd2f2f2 (Renamed bulk files in xCode to Snap-Scraper and repaid signing dependancies)
				79995741246906E40057890A /* SCApiCalls.swift in Sources */,
				799957282468E7C20057890A /* main.swift in Sources */,
			);
			runOnlyForDeploymentPostprocessing = 0;
		};
/* End PBXSourcesBuildPhase section */

/* Begin XCBuildConfiguration section */
		799957292468E7C20057890A /* Debug */ = {
			isa = XCBuildConfiguration;
			buildSettings = {
				ALWAYS_SEARCH_USER_PATHS = NO;
				CLANG_ANALYZER_NONNULL = YES;
				CLANG_ANALYZER_NUMBER_OBJECT_CONVERSION = YES_AGGRESSIVE;
				CLANG_CXX_LANGUAGE_STANDARD = "gnu++14";
				CLANG_CXX_LIBRARY = "libc++";
				CLANG_ENABLE_MODULES = YES;
				CLANG_ENABLE_OBJC_ARC = YES;
				CLANG_ENABLE_OBJC_WEAK = YES;
				CLANG_WARN_BLOCK_CAPTURE_AUTORELEASING = YES;
				CLANG_WARN_BOOL_CONVERSION = YES;
				CLANG_WARN_COMMA = YES;
				CLANG_WARN_CONSTANT_CONVERSION = YES;
				CLANG_WARN_DEPRECATED_OBJC_IMPLEMENTATIONS = YES;
				CLANG_WARN_DIRECT_OBJC_ISA_USAGE = YES_ERROR;
				CLANG_WARN_DOCUMENTATION_COMMENTS = YES;
				CLANG_WARN_EMPTY_BODY = YES;
				CLANG_WARN_ENUM_CONVERSION = YES;
				CLANG_WARN_INFINITE_RECURSION = YES;
				CLANG_WARN_INT_CONVERSION = YES;
				CLANG_WARN_NON_LITERAL_NULL_CONVERSION = YES;
				CLANG_WARN_OBJC_IMPLICIT_RETAIN_SELF = YES;
				CLANG_WARN_OBJC_LITERAL_CONVERSION = YES;
				CLANG_WARN_OBJC_ROOT_CLASS = YES_ERROR;
				CLANG_WARN_QUOTED_INCLUDE_IN_FRAMEWORK_HEADER = YES;
				CLANG_WARN_RANGE_LOOP_ANALYSIS = YES;
				CLANG_WARN_STRICT_PROTOTYPES = YES;
				CLANG_WARN_SUSPICIOUS_MOVE = YES;
				CLANG_WARN_UNGUARDED_AVAILABILITY = YES_AGGRESSIVE;
				CLANG_WARN_UNREACHABLE_CODE = YES;
				CLANG_WARN__DUPLICATE_METHOD_MATCH = YES;
				COPY_PHASE_STRIP = NO;
				CURRENT_PROJECT_VERSION = 0.5b;
				DEBUG_INFORMATION_FORMAT = dwarf;
				DEVELOPMENT_TEAM = 2HUHX64JSZ;
				ENABLE_STRICT_OBJC_MSGSEND = YES;
				ENABLE_TESTABILITY = YES;
				GCC_C_LANGUAGE_STANDARD = gnu11;
				GCC_DYNAMIC_NO_PIC = NO;
				GCC_NO_COMMON_BLOCKS = YES;
				GCC_OPTIMIZATION_LEVEL = 0;
				GCC_PREPROCESSOR_DEFINITIONS = (
					"DEBUG=1",
					"$(inherited)",
				);
				GCC_WARN_64_TO_32_BIT_CONVERSION = YES;
				GCC_WARN_ABOUT_RETURN_TYPE = YES_ERROR;
				GCC_WARN_UNDECLARED_SELECTOR = YES;
				GCC_WARN_UNINITIALIZED_AUTOS = YES_AGGRESSIVE;
				GCC_WARN_UNUSED_FUNCTION = YES;
				GCC_WARN_UNUSED_VARIABLE = YES;
				LD_RUNPATH_SEARCH_PATHS = "@executable_path/Alamofire/";
				MACOSX_DEPLOYMENT_TARGET = 10.15;
				MTL_ENABLE_DEBUG_INFO = INCLUDE_SOURCE;
				MTL_FAST_MATH = YES;
				ONLY_ACTIVE_ARCH = YES;
				SDKROOT = macosx;
				SWIFT_ACTIVE_COMPILATION_CONDITIONS = DEBUG;
				SWIFT_OPTIMIZATION_LEVEL = "-Onone";
			};
			name = Debug;
		};
		7999572A2468E7C20057890A /* Release */ = {
			isa = XCBuildConfiguration;
			buildSettings = {
				ALWAYS_SEARCH_USER_PATHS = NO;
				CLANG_ANALYZER_NONNULL = YES;
				CLANG_ANALYZER_NUMBER_OBJECT_CONVERSION = YES_AGGRESSIVE;
				CLANG_CXX_LANGUAGE_STANDARD = "gnu++14";
				CLANG_CXX_LIBRARY = "libc++";
				CLANG_ENABLE_MODULES = YES;
				CLANG_ENABLE_OBJC_ARC = YES;
				CLANG_ENABLE_OBJC_WEAK = YES;
				CLANG_WARN_BLOCK_CAPTURE_AUTORELEASING = YES;
				CLANG_WARN_BOOL_CONVERSION = YES;
				CLANG_WARN_COMMA = YES;
				CLANG_WARN_CONSTANT_CONVERSION = YES;
				CLANG_WARN_DEPRECATED_OBJC_IMPLEMENTATIONS = YES;
				CLANG_WARN_DIRECT_OBJC_ISA_USAGE = YES_ERROR;
				CLANG_WARN_DOCUMENTATION_COMMENTS = YES;
				CLANG_WARN_EMPTY_BODY = YES;
				CLANG_WARN_ENUM_CONVERSION = YES;
				CLANG_WARN_INFINITE_RECURSION = YES;
				CLANG_WARN_INT_CONVERSION = YES;
				CLANG_WARN_NON_LITERAL_NULL_CONVERSION = YES;
				CLANG_WARN_OBJC_IMPLICIT_RETAIN_SELF = YES;
				CLANG_WARN_OBJC_LITERAL_CONVERSION = YES;
				CLANG_WARN_OBJC_ROOT_CLASS = YES_ERROR;
				CLANG_WARN_QUOTED_INCLUDE_IN_FRAMEWORK_HEADER = YES;
				CLANG_WARN_RANGE_LOOP_ANALYSIS = YES;
				CLANG_WARN_STRICT_PROTOTYPES = YES;
				CLANG_WARN_SUSPICIOUS_MOVE = YES;
				CLANG_WARN_UNGUARDED_AVAILABILITY = YES_AGGRESSIVE;
				CLANG_WARN_UNREACHABLE_CODE = YES;
				CLANG_WARN__DUPLICATE_METHOD_MATCH = YES;
				COPY_PHASE_STRIP = NO;
				CURRENT_PROJECT_VERSION = 0.5b;
				DEBUG_INFORMATION_FORMAT = "dwarf-with-dsym";
				DEVELOPMENT_TEAM = 2HUHX64JSZ;
				ENABLE_NS_ASSERTIONS = NO;
				ENABLE_STRICT_OBJC_MSGSEND = YES;
				GCC_C_LANGUAGE_STANDARD = gnu11;
				GCC_NO_COMMON_BLOCKS = YES;
				GCC_WARN_64_TO_32_BIT_CONVERSION = YES;
				GCC_WARN_ABOUT_RETURN_TYPE = YES_ERROR;
				GCC_WARN_UNDECLARED_SELECTOR = YES;
				GCC_WARN_UNINITIALIZED_AUTOS = YES_AGGRESSIVE;
				GCC_WARN_UNUSED_FUNCTION = YES;
				GCC_WARN_UNUSED_VARIABLE = YES;
				LD_RUNPATH_SEARCH_PATHS = "@executable_path/Alamofire/";
				MACOSX_DEPLOYMENT_TARGET = 10.15;
				MTL_ENABLE_DEBUG_INFO = NO;
				MTL_FAST_MATH = YES;
				SDKROOT = macosx;
				"SDKROOT[arch=*]" = macosx;
				SWIFT_COMPILATION_MODE = wholemodule;
				SWIFT_OPTIMIZATION_LEVEL = "-O";
			};
			name = Release;
		};
		7999572C2468E7C20057890A /* Debug */ = {
			isa = XCBuildConfiguration;
<<<<<<< HEAD
<<<<<<< HEAD
			baseConfigurationReference = 84281F5AF6FCCFCC36548267 /* Pods-Snap-Scraper.debug.xcconfig */;
=======
			baseConfigurationReference = DCE74C5AFF59181795CF88E6 /* Pods-SCMapDownloader.debug.xcconfig */;
>>>>>>> 1162413 (Commit version 0.5b to Git)
=======
			baseConfigurationReference = 84281F5AF6FCCFCC36548267 /* Pods-Snap-Scraper.debug.xcconfig */;
>>>>>>> bd2f2f2 (Renamed bulk files in xCode to Snap-Scraper and repaid signing dependancies)
			buildSettings = {
				ALLOW_TARGET_PLATFORM_SPECIALIZATION = YES;
				ALWAYS_EMBED_SWIFT_STANDARD_LIBRARIES = NO;
				BUILD_LIBRARY_FOR_DISTRIBUTION = YES;
<<<<<<< HEAD
<<<<<<< HEAD
				CODE_SIGN_ENTITLEMENTS = "";
=======
				CODE_SIGN_ENTITLEMENTS = SCMapDownloader/SCMapDownloader.entitlements;
>>>>>>> 1162413 (Commit version 0.5b to Git)
=======
				CODE_SIGN_ENTITLEMENTS = "";
>>>>>>> bd2f2f2 (Renamed bulk files in xCode to Snap-Scraper and repaid signing dependancies)
				CODE_SIGN_IDENTITY = "-";
				CODE_SIGN_STYLE = Automatic;
				CURRENT_PROJECT_VERSION = 0.4;
				DEVELOPMENT_TEAM = 2HUHX64JSZ;
				ENABLE_HARDENED_RUNTIME = YES;
				"ENABLE_HARDENED_RUNTIME[sdk=macosx*]" = YES;
				PRODUCT_NAME = "$(TARGET_NAME)";
				SUPPORTED_PLATFORMS = "watchsimulator watchos macosx iphonesimulator iphoneos driverkit appletvsimulator appletvos";
				SUPPORTS_MACCATALYST = YES;
				SWIFT_VERSION = 5.0;
			};
			name = Debug;
		};
		7999572D2468E7C20057890A /* Release */ = {
			isa = XCBuildConfiguration;
<<<<<<< HEAD
<<<<<<< HEAD
			baseConfigurationReference = D965DF16FA1900CE93894940 /* Pods-Snap-Scraper.release.xcconfig */;
=======
			baseConfigurationReference = 93CBC47C179BA0DF5A936403 /* Pods-SCMapDownloader.release.xcconfig */;
>>>>>>> 1162413 (Commit version 0.5b to Git)
=======
			baseConfigurationReference = D965DF16FA1900CE93894940 /* Pods-Snap-Scraper.release.xcconfig */;
>>>>>>> bd2f2f2 (Renamed bulk files in xCode to Snap-Scraper and repaid signing dependancies)
			buildSettings = {
				ALLOW_TARGET_PLATFORM_SPECIALIZATION = YES;
				ALWAYS_EMBED_SWIFT_STANDARD_LIBRARIES = NO;
				BUILD_LIBRARY_FOR_DISTRIBUTION = YES;
<<<<<<< HEAD
<<<<<<< HEAD
				CODE_SIGN_ENTITLEMENTS = "";
=======
				CODE_SIGN_ENTITLEMENTS = SCMapDownloader/SCMapDownloader.entitlements;
>>>>>>> 1162413 (Commit version 0.5b to Git)
=======
				CODE_SIGN_ENTITLEMENTS = "";
>>>>>>> bd2f2f2 (Renamed bulk files in xCode to Snap-Scraper and repaid signing dependancies)
				CODE_SIGN_IDENTITY = "Apple Development";
				CODE_SIGN_STYLE = Automatic;
				CURRENT_PROJECT_VERSION = 0.4;
				DEVELOPMENT_TEAM = 2HUHX64JSZ;
				ENABLE_HARDENED_RUNTIME = YES;
				"ENABLE_HARDENED_RUNTIME[sdk=macosx*]" = YES;
				MTL_ENABLE_DEBUG_INFO = YES;
				PRODUCT_NAME = "$(TARGET_NAME)";
				SUPPORTED_PLATFORMS = "watchsimulator watchos macosx iphonesimulator iphoneos driverkit appletvsimulator appletvos";
				SUPPORTS_MACCATALYST = YES;
				SWIFT_VERSION = 5.0;
			};
			name = Release;
		};
/* End XCBuildConfiguration section */

/* Begin XCConfigurationList section */
		7999571F2468E7C20057890A /* Build configuration list for PBXProject "Snap-Scraper" */ = {
			isa = XCConfigurationList;
			buildConfigurations = (
				799957292468E7C20057890A /* Debug */,
				7999572A2468E7C20057890A /* Release */,
			);
			defaultConfigurationIsVisible = 0;
			defaultConfigurationName = Release;
		};
		7999572B2468E7C20057890A /* Build configuration list for PBXNativeTarget "Snap-Scraper" */ = {
			isa = XCConfigurationList;
			buildConfigurations = (
				7999572C2468E7C20057890A /* Debug */,
				7999572D2468E7C20057890A /* Release */,
			);
			defaultConfigurationIsVisible = 0;
			defaultConfigurationName = Release;
		};
/* End XCConfigurationList section */
	};
	rootObject = 7999571C2468E7C20057890A /* Project object */;
}
